github.com/cenkalti/backoff/v7 v7.0.0 h1:ZP+QAaaOnVUHo+ufFpZ835hbT3x2fy+h2lecVEosZ6A=
github.com/cenkalti/backoff/v7 v7.0.0/go.mod h1:qcKBGwsu4hpxHtQ8tWYsQ+ifzx2+sS+Xx/3jfe30lI8=
github.com/rivo/uniseg v0.4.7 h1:WUdvkW8uEhrYfLC4ZzdpI2ztxP1I582+49Oc5Mq64VQ=
github.com/rivo/uniseg v0.4.7/go.mod h1:FN3SvrM+Zdj16jyLfmOkMNblXMcoc8DfTHruCPUcx88=
github.com/shouni/go-http-kit v1.13.0 h1:VEf+ctSYuvVCRHXPaooPBKwGI+STOkkRIYRrGgERSrw=
github.com/shouni/go-http-kit v1.13.0/go.mod h1:jh/hCYrakDWTFdMxSZPH++TEqDBf1RYEREFLJmYgBe8=
github.com/shouni/go-utils v1.8.0 h1:ya9c8Q7yfjUofEFZdStFyK53LN/hyJJqzo4+4c/6ThY=
github.com/shouni/go-utils v1.8.0/go.mod h1:z35gD3jCEREuezx2ZnVk44XbJoN0GF35OACYlbrxcAc=
github.com/shouni/netarmor v1.4.2 h1:AFLOdui8gs7OD6HgAe1NPT5fuQXmYDC1dzuskSHHtOw=
github.com/shouni/netarmor v1.4.2/go.mod h1:BeqmhJtYfJ4bw0OpT5pu4HUXHkHHY6y5Wu0BDjsyr28=
